
Microsoft Visual Studio Solution File, Format Version 11.00
# Visual Studio 2010
Project("{FAE04EC0-301F-11D3-BF4B-00C04F79EFBC}") = "Assembly-CSharp-Editor", "Assembly-CSharp-Editor.csproj", "{341aa45d-75fb-19e3-cd8b-92e6f365531a}"
EndProject
Project("{FAE04EC0-301F-11D3-BF4B-00C04F79EFBC}") = "Assembly-CSharp", "Assembly-CSharp.csproj", "{a9f82b7e-6b00-63c1-8c0c-96a1047f4a52}"
EndProject
Global
	GlobalSection(SolutionConfigurationPlatforms) = preSolution
		Debug|Any CPU = Debug|Any CPU
	EndGlobalSection
	GlobalSection(ProjectConfigurationPlatforms) = postSolution
		{341aa45d-75fb-19e3-cd8b-92e6f365531a}.Debug|Any CPU.ActiveCfg = Debug|Any CPU
		{341aa45d-75fb-19e3-cd8b-92e6f365531a}.Debug|Any CPU.Build.0 = Debug|Any CPU
		{a9f82b7e-6b00-63c1-8c0c-96a1047f4a52}.Debug|Any CPU.ActiveCfg = Debug|Any CPU
		{a9f82b7e-6b00-63c1-8c0c-96a1047f4a52}.Debug|Any CPU.Build.0 = Debug|Any CPU
	EndGlobalSection
	GlobalSection(SolutionProperties) = preSolution
		HideSolutionNode = FALSE
	EndGlobalSection
EndGlobal
